
Microsoft Visual Studio Solution File, Format Version 12.00
# Visual Studio Version 17
VisualStudioVersion = 17.9.34616.47
MinimumVisualStudioVersion = 10.0.40219.1
Project("{8BC9CEB8-8B4A-11D0-8D11-00A0C91BC942}") = "PointerdanFriendclass", "PointerdanFriendclass\PointerdanFriendclass.vcxproj", "{11B3D8F0-0F2E-4256-804A-44B493F15314}"
EndProject
Project("{8BC9CEB8-8B4A-11D0-8D11-00A0C91BC942}") = "PointerdanFriendclass2", "PointerdanFriendclass2\PointerdanFriendclass2.vcxproj", "{DAAE4CEF-5EA7-4294-A596-50ACE3DDF5DF}"
EndProject
Project("{8BC9CEB8-8B4A-11D0-8D11-00A0C91BC942}") = "FriendClassSatu", "FriendClassSatu\FriendClassSatu.vcxproj", "{C210CCDB-D184-42CD-A76C-60AD82072D18}"
EndProject
Project("{8BC9CEB8-8B4A-11D0-8D11-00A0C91BC942}") = "FriendFunctionSatu", "FriendFunctionSatu\FriendFunctionSatu.vcxproj", "{7A09ADF7-51F2-42A3-9E0F-1D66EFCB38BD}"
EndProject
Global
	GlobalSection(SolutionConfigurationPlatforms) = preSolution
		Debug|x64 = Debug|x64
		Debug|x86 = Debug|x86
		Release|x64 = Release|x64
		Release|x86 = Release|x86
	EndGlobalSection
	GlobalSection(ProjectConfigurationPlatforms) = postSolution
		{11B3D8F0-0F2E-4256-804A-44B493F15314}.Debug|x64.ActiveCfg = Debug|x64
		{11B3D8F0-0F2E-4256-804A-44B493F15314}.Debug|x64.Build.0 = Debug|x64
		{11B3D8F0-0F2E-4256-804A-44B493F15314}.Debug|x86.ActiveCfg = Debug|Win32
		{11B3D8F0-0F2E-4256-804A-44B493F15314}.Debug|x86.Build.0 = Debug|Win32
		{11B3D8F0-0F2E-4256-804A-44B493F15314}.Release|x64.ActiveCfg = Release|x64
		{11B3D8F0-0F2E-4256-804A-44B493F15314}.Release|x64.Build.0 = Release|x64
		{11B3D8F0-0F2E-4256-804A-44B493F15314}.Release|x86.ActiveCfg = Release|Win32
		{11B3D8F0-0F2E-4256-804A-44B493F15314}.Release|x86.Build.0 = Release|Win32
		{DAAE4CEF-5EA7-4294-A596-50ACE3DDF5DF}.Debug|x64.ActiveCfg = Debug|x64
		{DAAE4CEF-5EA7-4294-A596-50ACE3DDF5DF}.Debug|x64.Build.0 = Debug|x64
		{DAAE4CEF-5EA7-4294-A596-50ACE3DDF5DF}.Debug|x86.ActiveCfg = Debug|Win32
		{DAAE4CEF-5EA7-4294-A596-50ACE3DDF5DF}.Debug|x86.Build.0 = Debug|Win32
		{DAAE4CEF-5EA7-4294-A596-50ACE3DDF5DF}.Release|x64.ActiveCfg = Release|x64
		{DAAE4CEF-5EA7-4294-A596-50ACE3DDF5DF}.Release|x64.Build.0 = Release|x64
		{DAAE4CEF-5EA7-4294-A596-50ACE3DDF5DF}.Release|x86.ActiveCfg = Release|Win32
		{DAAE4CEF-5EA7-4294-A596-50ACE3DDF5DF}.Release|x86.Build.0 = Release|Win32
		{C210CCDB-D184-42CD-A76C-60AD82072D18}.Debug|x64.ActiveCfg = Debug|x64
		{C210CCDB-D184-42CD-A76C-60AD82072D18}.Debug|x64.Build.0 = Debug|x64
		{C210CCDB-D184-42CD-A76C-60AD82072D18}.Debug|x86.ActiveCfg = Debug|Win32
		{C210CCDB-D184-42CD-A76C-60AD82072D18}.Debug|x86.Build.0 = Debug|Win32
		{C210CCDB-D184-42CD-A76C-60AD82072D18}.Release|x64.ActiveCfg = Release|x64
		{C210CCDB-D184-42CD-A76C-60AD82072D18}.Release|x64.Build.0 = Release|x64
		{C210CCDB-D184-42CD-A76C-60AD82072D18}.Release|x86.ActiveCfg = Release|Win32
		{C210CCDB-D184-42CD-A76C-60AD82072D18}.Release|x86.Build.0 = Release|Win32
		{7A09ADF7-51F2-42A3-9E0F-1D66EFCB38BD}.Debug|x64.ActiveCfg = Debug|x64
		{7A09ADF7-51F2-42A3-9E0F-1D66EFCB38BD}.Debug|x64.Build.0 = Debug|x64
		{7A09ADF7-51F2-42A3-9E0F-1D66EFCB38BD}.Debug|x86.ActiveCfg = Debug|Win32
		{7A09ADF7-51F2-42A3-9E0F-1D66EFCB38BD}.Debug|x86.Build.0 = Debug|Win32
		{7A09ADF7-51F2-42A3-9E0F-1D66EFCB38BD}.Release|x64.ActiveCfg = Release|x64
		{7A09ADF7-51F2-42A3-9E0F-1D66EFCB38BD}.Release|x64.Build.0 = Release|x64
		{7A09ADF7-51F2-42A3-9E0F-1D66EFCB38BD}.Release|x86.ActiveCfg = Release|Win32
		{7A09ADF7-51F2-42A3-9E0F-1D66EFCB38BD}.Release|x86.Build.0 = Release|Win32
	EndGlobalSection
	GlobalSection(SolutionProperties) = preSolution
		HideSolutionNode = FALSE
	EndGlobalSection
	GlobalSection(ExtensibilityGlobals) = postSolution
		SolutionGuid = {370CE9AA-4D73-4E48-B120-FB4CE161993B}
	EndGlobalSection
EndGlobal
